
Microsoft Visual Studio Solution File, Format Version 12.00
# Visual Studio Version 17
VisualStudioVersion = 17.1.32210.238
MinimumVisualStudioVersion = 10.0.40219.1
Project("{FAE04EC0-301F-11D3-BF4B-00C04F79EFBC}") = "BunchOFolders", "BunchOFolders\BunchOFolders.csproj", "{D4B22F9D-18F1-4C29-A225-34EE3AF656C0}"
EndProject
Global
	GlobalSection(SolutionConfigurationPlatforms) = preSolution
		Debug|Any CPU = Debug|Any CPU
		Release|Any CPU = Release|Any CPU
	EndGlobalSection
	GlobalSection(ProjectConfigurationPlatforms) = postSolution
		{D4B22F9D-18F1-4C29-A225-34EE3AF656C0}.Debug|Any CPU.ActiveCfg = Debug|Any CPU
		{D4B22F9D-18F1-4C29-A225-34EE3AF656C0}.Debug|Any CPU.Build.0 = Debug|Any CPU
		{D4B22F9D-18F1-4C29-A225-34EE3AF656C0}.Release|Any CPU.ActiveCfg = Release|Any CPU
		{D4B22F9D-18F1-4C29-A225-34EE3AF656C0}.Release|Any CPU.Build.0 = Release|Any CPU
	EndGlobalSection
	GlobalSection(SolutionProperties) = preSolution
		HideSolutionNode = FALSE
	EndGlobalSection
	GlobalSection(ExtensibilityGlobals) = postSolution
		SolutionGuid = {16419F55-92F6-4117-BC8F-F8E050753798}
	EndGlobalSection
EndGlobal
